
Microsoft Visual Studio Solution File, Format Version 12.00
# Visual Studio 15
VisualStudioVersion = 15.0.27703.2035
MinimumVisualStudioVersion = 10.0.40219.1
Project("{FAE04EC0-301F-11D3-BF4B-00C04F79EFBC}") = "PizzaStore", "PizzaStore\PizzaStore.csproj", "{BF115C33-C03A-43F6-B985-1EEC9FC40E7B}"
EndProject
Project("{FAE04EC0-301F-11D3-BF4B-00C04F79EFBC}") = "ClassLibrary1", "ClassLibrary1\ClassLibrary1.csproj", "{F64DA53A-7191-4FF1-A3D7-FB999E80DC16}"
EndProject
Global
	GlobalSection(SolutionConfigurationPlatforms) = preSolution
		Debug|Any CPU = Debug|Any CPU
		Release|Any CPU = Release|Any CPU
	EndGlobalSection
	GlobalSection(ProjectConfigurationPlatforms) = postSolution
		{BF115C33-C03A-43F6-B985-1EEC9FC40E7B}.Debug|Any CPU.ActiveCfg = Debug|Any CPU
		{BF115C33-C03A-43F6-B985-1EEC9FC40E7B}.Debug|Any CPU.Build.0 = Debug|Any CPU
		{BF115C33-C03A-43F6-B985-1EEC9FC40E7B}.Release|Any CPU.ActiveCfg = Release|Any CPU
		{BF115C33-C03A-43F6-B985-1EEC9FC40E7B}.Release|Any CPU.Build.0 = Release|Any CPU
		{F64DA53A-7191-4FF1-A3D7-FB999E80DC16}.Debug|Any CPU.ActiveCfg = Debug|Any CPU
		{F64DA53A-7191-4FF1-A3D7-FB999E80DC16}.Debug|Any CPU.Build.0 = Debug|Any CPU
		{F64DA53A-7191-4FF1-A3D7-FB999E80DC16}.Release|Any CPU.ActiveCfg = Release|Any CPU
		{F64DA53A-7191-4FF1-A3D7-FB999E80DC16}.Release|Any CPU.Build.0 = Release|Any CPU
	EndGlobalSection
	GlobalSection(SolutionProperties) = preSolution
		HideSolutionNode = FALSE
	EndGlobalSection
	GlobalSection(ExtensibilityGlobals) = postSolution
		SolutionGuid = {73653587-985B-4729-BFED-A0304783602C}
	EndGlobalSection
EndGlobal
